
Microsoft Visual Studio Solution File, Format Version 12.00
# Visual Studio Version 17
VisualStudioVersion = 17.9.34728.123
MinimumVisualStudioVersion = 10.0.40219.1
Project("{FAE04EC0-301F-11D3-BF4B-00C04F79EFBC}") = "oo-studies", "oo-studies.csproj", "{6C8D34FF-251C-4D48-84A8-809639262DE5}"
EndProject
Global
	GlobalSection(SolutionConfigurationPlatforms) = preSolution
		Debug|Any CPU = Debug|Any CPU
		Release|Any CPU = Release|Any CPU
	EndGlobalSection
	GlobalSection(ProjectConfigurationPlatforms) = postSolution
		{6C8D34FF-251C-4D48-84A8-809639262DE5}.Debug|Any CPU.ActiveCfg = Debug|Any CPU
		{6C8D34FF-251C-4D48-84A8-809639262DE5}.Debug|Any CPU.Build.0 = Debug|Any CPU
		{6C8D34FF-251C-4D48-84A8-809639262DE5}.Release|Any CPU.ActiveCfg = Release|Any CPU
		{6C8D34FF-251C-4D48-84A8-809639262DE5}.Release|Any CPU.Build.0 = Release|Any CPU
	EndGlobalSection
	GlobalSection(SolutionProperties) = preSolution
		HideSolutionNode = FALSE
	EndGlobalSection
	GlobalSection(ExtensibilityGlobals) = postSolution
		SolutionGuid = {A238A624-A258-400F-A16F-C70A3A567F4B}
	EndGlobalSection
EndGlobal
